PODS:
  - AFNetworking (2.6.3):
    - AFNetworking/NSURLConnection (= 2.6.3)
    - AFNetworking/NSURLSession (= 2.6.3)
    - AFNetworking/Reachability (= 2.6.3)
    - AFNetworking/Security (= 2.6.3)
    - AFNetworking/Serialization (= 2.6.3)
    - AFNetworking/UIKit (= 2.6.3)
  - AFNetworking/NSURLConnection (2.6.3):
    - AFNetworking/Reachability
    - AFNetworking/Security
    - AFNetworking/Serialization
  - AFNetworking/NSURLSession (2.6.3):
    - AFNetworking/Reachability
    - AFNetworking/Security
    - AFNetworking/Serialization
  - AFNetworking/Reachability (2.6.3)
  - AFNetworking/Security (2.6.3)
  - AFNetworking/Serialization (2.6.3)
  - AFNetworking/UIKit (2.6.3):
    - AFNetworking/NSURLConnection
    - AFNetworking/NSURLSession
  - EDStarRating (1.1)
  - ISDiskCache (0.1.3)
  - JSONModel (1.2.0)
  - Masonry (1.0.0)
  - MBProgressHUD (0.9.2)
  - MJRefresh (3.1.0)
  - React/Core (0.25.1)
  - React/RCTImage (0.25.1):
    - React/Core
    - React/RCTNetwork
  - React/RCTLinkingIOS (0.25.1):
    - React/Core
  - React/RCTNetwork (0.25.1):
    - React/Core
  - React/RCTText (0.25.1):
    - React/Core
  - React/RCTWebSocket (0.25.1):
    - React/Core
  - SDWebImage (3.7.6):
    - SDWebImage/Core (= 3.7.6)
  - SDWebImage/Core (3.7.6)
  - THProgressView (1.0)
  - TTTAttributedLabel (1.13.4)
  - UITableView+FDTemplateLayoutCell (1.4)
  - UMengAnalytics-NO-IDFA (3.6.7)

DEPENDENCIES:
  - AFNetworking (~> 2.0)
  - EDStarRating
  - ISDiskCache
  - JSONModel
  - Masonry
  - MBProgressHUD (~> 0.9.1)
  - MJRefresh
  - React/Core (from `./node_modules/react-native`)
  - React/RCTImage (from `./node_modules/react-native`)
  - React/RCTLinkingIOS (from `./node_modules/react-native`)
  - React/RCTNetwork (from `./node_modules/react-native`)
  - React/RCTText (from `./node_modules/react-native`)
  - React/RCTWebSocket (from `./node_modules/react-native`)
  - SDWebImage
  - THProgressView (~> 1.0)
  - TTTAttributedLabel
  - UITableView+FDTemplateLayoutCell
  - UMengAnalytics-NO-IDFA (= 3.6.7)

EXTERNAL SOURCES:
  React:
    :path: "./node_modules/react-native"

SPEC CHECKSUMS:
  AFNetworking: cb8d14a848e831097108418f5d49217339d4eb60
  EDStarRating: a41a6440a945020745d0e9ff8ada7d1afa952114
  ISDiskCache: 83d1b6ca5c2f5f2d14832ae1e9fcd6e20de43142
  JSONModel: 12523685c4b623553ccf844bbbf7007624317b2c
  Masonry: b529bb169217897b6354d4b56b1fada6d475b13d
  MBProgressHUD: 1569cf7ace17a8bac47aabfbb8580a49690386d1
  MJRefresh: 743e6404967d1c2c688472ea3ecfde247d872db4
  React: b35b2b2e07273da1f7266ab2975e0d1033bd913d
  SDWebImage: c325cf02c30337336b95beff20a13df489ec0ec9
  THProgressView: 999dc78f748f4cb6d69408f545de4d82ef7f1cec
  TTTAttributedLabel: 0a2ac7b2dd726d32a070dafb01446026b11e624f
  UITableView+FDTemplateLayoutCell: 234e1582bcc4e18461af91155123bb96538ed030
  UMengAnalytics-NO-IDFA: 6d02561a00579b2e37718f204eb81347df5d7b8b

PODFILE CHECKSUM: bcb2c5afbe14a81ad74535f47168adf534c62ebc

COCOAPODS: 1.0.0.rc.2
